// !$*UTF8*$!
{
	archiveVersion = 1;
	classes = {
	};
	objectVersion = 46;
	objects = {

/* Begin PBXBuildFile section */
		841A71051B4E3BD20015F304 /* main.m in Sources */ = {isa = PBXBuildFile; fileRef = 841A71041B4E3BD20015F304 /* main.m */; };
		841A71081B4E3BD20015F304 /* AppDelegate.m in Sources */ = {isa = PBXBuildFile; fileRef = 841A71071B4E3BD20015F304 /* AppDelegate.m */; };
		841A710B1B4E3BD20015F304 /* BLEGlobalSignIn.xcdatamodeld in Sources */ = {isa = PBXBuildFile; fileRef = 841A71091B4E3BD20015F304 /* BLEGlobalSignIn.xcdatamodeld */; };
		841A71131B4E3BD20015F304 /* Images.xcassets in Resources */ = {isa = PBXBuildFile; fileRef = 841A71121B4E3BD20015F304 /* Images.xcassets */; };
		841A71161B4E3BD20015F304 /* LaunchScreen.xib in Resources */ = {isa = PBXBuildFile; fileRef = 841A71141B4E3BD20015F304 /* LaunchScreen.xib */; };
		841A71221B4E3BD20015F304 /* BLEGlobalSignInTests.m in Sources */ = {isa = PBXBuildFile; fileRef = 841A71211B4E3BD20015F304 /* BLEGlobalSignInTests.m */; };
		841A712C1B4E3C660015F304 /* MainStoryboard_iPhone.storyboard in Resources */ = {isa = PBXBuildFile; fileRef = 841A712B1B4E3C660015F304 /* MainStoryboard_iPhone.storyboard */; };
		841A712F1B4E3CE20015F304 /* MultipeerConnectivity.framework in Frameworks */ = {isa = PBXBuildFile; fileRef = 841A712E1B4E3CE20015F304 /* MultipeerConnectivity.framework */; };
		841A71311B4E3CE90015F304 /* UIKit.framework in Frameworks */ = {isa = PBXBuildFile; fileRef = 841A71301B4E3CE90015F304 /* UIKit.framework */; };
		841A71331B4E3CF30015F304 /* Foundation.framework in Frameworks */ = {isa = PBXBuildFile; fileRef = 841A71321B4E3CF30015F304 /* Foundation.framework */; };
		841A71351B4E3CFC0015F304 /* CoreGraphics.framework in Frameworks */ = {isa = PBXBuildFile; fileRef = 841A71341B4E3CFC0015F304 /* CoreGraphics.framework */; };
		841A71721B4E428F0015F304 /* bubble-left@2x.png in Resources */ = {isa = PBXBuildFile; fileRef = 841A71611B4E428F0015F304 /* bubble-left@2x.png */; };
		841A71731B4E428F0015F304 /* bubble-right@2x.png in Resources */ = {isa = PBXBuildFile; fileRef = 841A71621B4E428F0015F304 /* bubble-right@2x.png */; };
		841A71741B4E428F0015F304 /* PhotoButton@2x.png in Resources */ = {isa = PBXBuildFile; fileRef = 841A71631B4E428F0015F304 /* PhotoButton@2x.png */; };
		841A71761B4E428F0015F304 /* Default.png in Resources */ = {isa = PBXBuildFile; fileRef = 841A71651B4E428F0015F304 /* Default.png */; };
		841A71771B4E428F0015F304 /* Default@2x.png in Resources */ = {isa = PBXBuildFile; fileRef = 841A71661B4E428F0015F304 /* Default@2x.png */; };
		841A71781B4E428F0015F304 /* Default-568h@2x.png in Resources */ = {isa = PBXBuildFile; fileRef = 841A71671B4E428F0015F304 /* Default-568h@2x.png */; };
		841A71791B4E428F0015F304 /* Default-Portrait~ipad.png in Resources */ = {isa = PBXBuildFile; fileRef = 841A71681B4E428F0015F304 /* Default-Portrait~ipad.png */; };
		841A717A1B4E428F0015F304 /* Default-Portrait@2x~ipad.png in Resources */ = {isa = PBXBuildFile; fileRef = 841A71691B4E428F0015F304 /* Default-Portrait@2x~ipad.png */; };
		841A717B1B4E428F0015F304 /* Default-Landscape~ipad.png in Resources */ = {isa = PBXBuildFile; fileRef = 841A716A1B4E428F0015F304 /* Default-Landscape~ipad.png */; };
		841A717C1B4E428F0015F304 /* Default-Landscape@2x~ipad.png in Resources */ = {isa = PBXBuildFile; fileRef = 841A716B1B4E428F0015F304 /* Default-Landscape@2x~ipad.png */; };
		841A718C1B4E4B220015F304 /* MessageView.m in Sources */ = {isa = PBXBuildFile; fileRef = 841A71871B4E4B220015F304 /* MessageView.m */; };
		841A718D1B4E4B220015F304 /* ImageView.m in Sources */ = {isa = PBXBuildFile; fileRef = 841A71891B4E4B220015F304 /* ImageView.m */; };
		841A718E1B4E4B220015F304 /* ProgressView.m in Sources */ = {isa = PBXBuildFile; fileRef = 841A718B1B4E4B220015F304 /* ProgressView.m */; };
		841A71911B4E4C2E0015F304 /* SessionContainer.m in Sources */ = {isa = PBXBuildFile; fileRef = 841A71901B4E4C2E0015F304 /* SessionContainer.m */; };
		841A71941B4E4C990015F304 /* Transcript.m in Sources */ = {isa = PBXBuildFile; fileRef = 841A71931B4E4C990015F304 /* Transcript.m */; };
		841A71971B4E4CF00015F304 /* ProgressObserver.m in Sources */ = {isa = PBXBuildFile; fileRef = 841A71961B4E4CF00015F304 /* ProgressObserver.m */; };
		841A719C1B4E4E150015F304 /* MainViewController.m in Sources */ = {isa = PBXBuildFile; fileRef = 841A71991B4E4E150015F304 /* MainViewController.m */; };
		841A719D1B4E4E150015F304 /* SettingsViewController.m in Sources */ = {isa = PBXBuildFile; fileRef = 841A719B1B4E4E150015F304 /* SettingsViewController.m */; };
		841A71A41B4E54FB0015F304 /* Icon-Small-50.png in Resources */ = {isa = PBXBuildFile; fileRef = 841A719E1B4E54FB0015F304 /* Icon-Small-50.png */; };
		841A71A51B4E54FB0015F304 /* Icon.png in Resources */ = {isa = PBXBuildFile; fileRef = 841A719F1B4E54FB0015F304 /* Icon.png */; };
		841A71A61B4E54FB0015F304 /* Icon-Small@2x.png in Resources */ = {isa = PBXBuildFile; fileRef = 841A71A01B4E54FB0015F304 /* Icon-Small@2x.png */; };
		841A71A71B4E54FB0015F304 /* Icon-Small.png in Resources */ = {isa = PBXBuildFile; fileRef = 841A71A11B4E54FB0015F304 /* Icon-Small.png */; };
		841A71A81B4E54FB0015F304 /* Icon-72.png in Resources */ = {isa = PBXBuildFile; fileRef = 841A71A21B4E54FB0015F304 /* Icon-72.png */; };
		841A71A91B4E54FB0015F304 /* Icon@2x.png in Resources */ = {isa = PBXBuildFile; fileRef = 841A71A31B4E54FB0015F304 /* Icon@2x.png */; };
/* End PBXBuildFile section */

/* Begin PBXContainerItemProxy section */
		841A711C1B4E3BD20015F304 /* PBXContainerItemProxy */ = {
			isa = PBXContainerItemProxy;
			containerPortal = 841A70F71B4E3BD20015F304 /* Project object */;
			proxyType = 1;
			remoteGlobalIDString = 841A70FE1B4E3BD20015F304;
			remoteInfo = BLEGlobalSignIn;
		};
/* End PBXContainerItemProxy section */

/* Begin PBXFileReference section */
		841A70FF1B4E3BD20015F304 /* BLEGlobalSignIn.app */ = {isa = PBXFileReference; explicitFileType = wrapper.application; includeInIndex = 0; path = BLEGlobalSignIn.app; sourceTree = BUILT_PRODUCTS_DIR; };
		841A71031B4E3BD20015F304 /* Info.plist */ = {isa = PBXFileReference; lastKnownFileType = text.plist.xml; path = Info.plist; sourceTree = "<group>"; };
		841A71041B4E3BD20015F304 /* main.m */ = {isa = PBXFileReference; lastKnownFileType = sourcecode.c.objc; path = main.m; sourceTree = "<group>"; };
		841A71061B4E3BD20015F304 /* AppDelegate.h */ = {isa = PBXFileReference; lastKnownFileType = sourcecode.c.h; path = AppDelegate.h; sourceTree = "<group>"; };
		841A71071B4E3BD20015F304 /* AppDelegate.m */ = {isa = PBXFileReference; lastKnownFileType = sourcecode.c.objc; path = AppDelegate.m; sourceTree = "<group>"; };
		841A710A1B4E3BD20015F304 /* BLEGlobalSignIn.xcdatamodel */ = {isa = PBXFileReference; lastKnownFileType = wrapper.xcdatamodel; path = BLEGlobalSignIn.xcdatamodel; sourceTree = "<group>"; };
		841A71121B4E3BD20015F304 /* Images.xcassets */ = {isa = PBXFileReference; lastKnownFileType = folder.assetcatalog; path = Images.xcassets; sourceTree = "<group>"; };
		841A71151B4E3BD20015F304 /* Base */ = {isa = PBXFileReference; lastKnownFileType = file.xib; name = Base; path = Base.lproj/LaunchScreen.xib; sourceTree = "<group>"; };
		841A711B1B4E3BD20015F304 /* BLEGlobalSignInTests.xctest */ = {isa = PBXFileReference; explicitFileType = wrapper.cfbundle; includeInIndex = 0; path = BLEGlobalSignInTests.xctest; sourceTree = BUILT_PRODUCTS_DIR; };
		841A71201B4E3BD20015F304 /* Info.plist */ = {isa = PBXFileReference; lastKnownFileType = text.plist.xml; path = Info.plist; sourceTree = "<group>"; };
		841A71211B4E3BD20015F304 /* BLEGlobalSignInTests.m */ = {isa = PBXFileReference; lastKnownFileType = sourcecode.c.objc; path = BLEGlobalSignInTests.m; sourceTree = "<group>"; };
		841A712B1B4E3C660015F304 /* MainStoryboard_iPhone.storyboard */ = {isa = PBXFileReference; fileEncoding = 4; lastKnownFileType = file.storyboard; path = MainStoryboard_iPhone.storyboard; sourceTree = "<group>"; };
		841A712E1B4E3CE20015F304 /* MultipeerConnectivity.framework */ = {isa = PBXFileReference; lastKnownFileType = wrapper.framework; name = MultipeerConnectivity.framework; path = System/Library/Frameworks/MultipeerConnectivity.framework; sourceTree = SDKROOT; };
		841A71301B4E3CE90015F304 /* UIKit.framework */ = {isa = PBXFileReference; lastKnownFileType = wrapper.framework; name = UIKit.framework; path = System/Library/Frameworks/UIKit.framework; sourceTree = SDKROOT; };
		841A71321B4E3CF30015F304 /* Foundation.framework */ = {isa = PBXFileReference; lastKnownFileType = wrapper.framework; name = Foundation.framework; path = System/Library/Frameworks/Foundation.framework; sourceTree = SDKROOT; };
		841A71341B4E3CFC0015F304 /* CoreGraphics.framework */ = {isa = PBXFileReference; lastKnownFileType = wrapper.framework; name = CoreGraphics.framework; path = System/Library/Frameworks/CoreGraphics.framework; sourceTree = SDKROOT; };
		841A71611B4E428F0015F304 /* bubble-left@2x.png */ = {isa = PBXFileReference; lastKnownFileType = image.png; path = "bubble-left@2x.png"; sourceTree = "<group>"; };
		841A71621B4E428F0015F304 /* bubble-right@2x.png */ = {isa = PBXFileReference; lastKnownFileType = image.png; path = "bubble-right@2x.png"; sourceTree = "<group>"; };
		841A71631B4E428F0015F304 /* PhotoButton@2x.png */ = {isa = PBXFileReference; lastKnownFileType = image.png; path = "PhotoButton@2x.png"; sourceTree = "<group>"; };
		841A71651B4E428F0015F304 /* Default.png */ = {isa = PBXFileReference; lastKnownFileType = image.png; path = Default.png; sourceTree = "<group>"; };
		841A71661B4E428F0015F304 /* Default@2x.png */ = {isa = PBXFileReference; lastKnownFileType = image.png; path = "Default@2x.png"; sourceTree = "<group>"; };
		841A71671B4E428F0015F304 /* Default-568h@2x.png */ = {isa = PBXFileReference; lastKnownFileType = image.png; path = "Default-568h@2x.png"; sourceTree = "<group>"; };
		841A71681B4E428F0015F304 /* Default-Portrait~ipad.png */ = {isa = PBXFileReference; lastKnownFileType = image.png; path = "Default-Portrait~ipad.png"; sourceTree = "<group>"; };
		841A71691B4E428F0015F304 /* Default-Portrait@2x~ipad.png */ = {isa = PBXFileReference; lastKnownFileType = image.png; path = "Default-Portrait@2x~ipad.png"; sourceTree = "<group>"; };
		841A716A1B4E428F0015F304 /* Default-Landscape~ipad.png */ = {isa = PBXFileReference; lastKnownFileType = image.png; path = "Default-Landscape~ipad.png"; sourceTree = "<group>"; };
		841A716B1B4E428F0015F304 /* Default-Landscape@2x~ipad.png */ = {isa = PBXFileReference; lastKnownFileType = image.png; path = "Default-Landscape@2x~ipad.png"; sourceTree = "<group>"; };
		841A71861B4E4B220015F304 /* MessageView.h */ = {isa = PBXFileReference; fileEncoding = 4; lastKnownFileType = sourcecode.c.h; path = MessageView.h; sourceTree = "<group>"; };
		841A71871B4E4B220015F304 /* MessageView.m */ = {isa = PBXFileReference; fileEncoding = 4; lastKnownFileType = sourcecode.c.objc; path = MessageView.m; sourceTree = "<group>"; };
		841A71881B4E4B220015F304 /* ImageView.h */ = {isa = PBXFileReference; fileEncoding = 4; lastKnownFileType = sourcecode.c.h; path = ImageView.h; sourceTree = "<group>"; };
		841A71891B4E4B220015F304 /* ImageView.m */ = {isa = PBXFileReference; fileEncoding = 4; lastKnownFileType = sourcecode.c.objc; path = ImageView.m; sourceTree = "<group>"; };
		841A718A1B4E4B220015F304 /* ProgressView.h */ = {isa = PBXFileReference; fileEncoding = 4; lastKnownFileType = sourcecode.c.h; path = ProgressView.h; sourceTree = "<group>"; };
		841A718B1B4E4B220015F304 /* ProgressView.m */ = {isa = PBXFileReference; fileEncoding = 4; lastKnownFileType = sourcecode.c.objc; path = ProgressView.m; sourceTree = "<group>"; };
		841A718F1B4E4C2E0015F304 /* SessionContainer.h */ = {isa = PBXFileReference; fileEncoding = 4; lastKnownFileType = sourcecode.c.h; path = SessionContainer.h; sourceTree = "<group>"; };
		841A71901B4E4C2E0015F304 /* SessionContainer.m */ = {isa = PBXFileReference; fileEncoding = 4; lastKnownFileType = sourcecode.c.objc; path = SessionContainer.m; sourceTree = "<group>"; };
		841A71921B4E4C990015F304 /* Transcript.h */ = {isa = PBXFileReference; fileEncoding = 4; lastKnownFileType = sourcecode.c.h; path = Transcript.h; sourceTree = "<group>"; };
		841A71931B4E4C990015F304 /* Transcript.m */ = {isa = PBXFileReference; fileEncoding = 4; lastKnownFileType = sourcecode.c.objc; path = Transcript.m; sourceTree = "<group>"; };
		841A71951B4E4CF00015F304 /* ProgressObserver.h */ = {isa = PBXFileReference; fileEncoding = 4; lastKnownFileType = sourcecode.c.h; path = ProgressObserver.h; sourceTree = "<group>"; };
		841A71961B4E4CF00015F304 /* ProgressObserver.m */ = {isa = PBXFileReference; fileEncoding = 4; lastKnownFileType = sourcecode.c.objc; path = ProgressObserver.m; sourceTree = "<group>"; };
		841A71981B4E4E150015F304 /* MainViewController.h */ = {isa = PBXFileReference; fileEncoding = 4; lastKnownFileType = sourcecode.c.h; path = MainViewController.h; sourceTree = "<group>"; };
		841A71991B4E4E150015F304 /* MainViewController.m */ = {isa = PBXFileReference; fileEncoding = 4; lastKnownFileType = sourcecode.c.objc; path = MainViewController.m; sourceTree = "<group>"; };
		841A719A1B4E4E150015F304 /* SettingsViewController.h */ = {isa = PBXFileReference; fileEncoding = 4; lastKnownFileType = sourcecode.c.h; path = SettingsViewController.h; sourceTree = "<group>"; };
		841A719B1B4E4E150015F304 /* SettingsViewController.m */ = {isa = PBXFileReference; fileEncoding = 4; lastKnownFileType = sourcecode.c.objc; path = SettingsViewController.m; sourceTree = "<group>"; };
		841A719E1B4E54FB0015F304 /* Icon-Small-50.png */ = {isa = PBXFileReference; lastKnownFileType = image.png; path = "Icon-Small-50.png"; sourceTree = "<group>"; };
		841A719F1B4E54FB0015F304 /* Icon.png */ = {isa = PBXFileReference; lastKnownFileType = image.png; path = Icon.png; sourceTree = "<group>"; };
		841A71A01B4E54FB0015F304 /* Icon-Small@2x.png */ = {isa = PBXFileReference; lastKnownFileType = image.png; path = "Icon-Small@2x.png"; sourceTree = "<group>"; };
		841A71A11B4E54FB0015F304 /* Icon-Small.png */ = {isa = PBXFileReference; lastKnownFileType = image.png; path = "Icon-Small.png"; sourceTree = "<group>"; };
		841A71A21B4E54FB0015F304 /* Icon-72.png */ = {isa = PBXFileReference; lastKnownFileType = image.png; path = "Icon-72.png"; sourceTree = "<group>"; };
		841A71A31B4E54FB0015F304 /* Icon@2x.png */ = {isa = PBXFileReference; lastKnownFileType = image.png; path = "Icon@2x.png"; sourceTree = "<group>"; };
/* End PBXFileReference section */

/* Begin PBXFrameworksBuildPhase section */
		841A70FC1B4E3BD20015F304 /* Frameworks */ = {
			isa = PBXFrameworksBuildPhase;
			buildActionMask = 2147483647;
			files = (
				841A71351B4E3CFC0015F304 /* CoreGraphics.framework in Frameworks */,
				841A71331B4E3CF30015F304 /* Foundation.framework in Frameworks */,
				841A71311B4E3CE90015F304 /* UIKit.framework in Frameworks */,
				841A712F1B4E3CE20015F304 /* MultipeerConnectivity.framework in Frameworks */,
			);
			runOnlyForDeploymentPostprocessing = 0;
		};
		841A71181B4E3BD20015F304 /* Frameworks */ = {
			isa = PBXFrameworksBuildPhase;
			buildActionMask = 2147483647;
			files = (
			);
			runOnlyForDeploymentPostprocessing = 0;
		};
/* End PBXFrameworksBuildPhase section */

/* Begin PBXGroup section */
		841A70F61B4E3BD20015F304 = {
			isa = PBXGroup;
			children = (
				841A71011B4E3BD20015F304 /* BLEGlobalSignIn */,
				841A711E1B4E3BD20015F304 /* BLEGlobalSignInTests */,
				841A71001B4E3BD20015F304 /* Products */,
			);
			sourceTree = "<group>";
		};
		841A71001B4E3BD20015F304 /* Products */ = {
			isa = PBXGroup;
			children = (
				841A70FF1B4E3BD20015F304 /* BLEGlobalSignIn.app */,
				841A711B1B4E3BD20015F304 /* BLEGlobalSignInTests.xctest */,
			);
			name = Products;
			sourceTree = "<group>";
		};
		841A71011B4E3BD20015F304 /* BLEGlobalSignIn */ = {
			isa = PBXGroup;
			children = (
				841A712B1B4E3C660015F304 /* MainStoryboard_iPhone.storyboard */,
				841A71061B4E3BD20015F304 /* AppDelegate.h */,
				841A71071B4E3BD20015F304 /* AppDelegate.m */,
				841A713A1B4E3DBA0015F304 /* Model */,
				841A71471B4E3E310015F304 /* View */,
				841A71361B4E3D100015F304 /* Controller */,
				841A71121B4E3BD20015F304 /* Images.xcassets */,
				841A71141B4E3BD20015F304 /* LaunchScreen.xib */,
				841A71091B4E3BD20015F304 /* BLEGlobalSignIn.xcdatamodeld */,
				841A712D1B4E3CCA0015F304 /* Frameworks */,
				841A71021B4E3BD20015F304 /* Supporting Files */,
			);
			path = BLEGlobalSignIn;
			sourceTree = "<group>";
		};
		841A71021B4E3BD20015F304 /* Supporting Files */ = {
			isa = PBXGroup;
			children = (
				841A71031B4E3BD20015F304 /* Info.plist */,
				841A71041B4E3BD20015F304 /* main.m */,
			);
			name = "Supporting Files";
			sourceTree = "<group>";
		};
		841A711E1B4E3BD20015F304 /* BLEGlobalSignInTests */ = {
			isa = PBXGroup;
			children = (
				841A71211B4E3BD20015F304 /* BLEGlobalSignInTests.m */,
				841A711F1B4E3BD20015F304 /* Supporting Files */,
			);
			path = BLEGlobalSignInTests;
			sourceTree = "<group>";
		};
		841A711F1B4E3BD20015F304 /* Supporting Files */ = {
			isa = PBXGroup;
			children = (
				841A71201B4E3BD20015F304 /* Info.plist */,
			);
			name = "Supporting Files";
			sourceTree = "<group>";
		};
		841A712D1B4E3CCA0015F304 /* Frameworks */ = {
			isa = PBXGroup;
			children = (
				841A71341B4E3CFC0015F304 /* CoreGraphics.framework */,
				841A71321B4E3CF30015F304 /* Foundation.framework */,
				841A71301B4E3CE90015F304 /* UIKit.framework */,
				841A712E1B4E3CE20015F304 /* MultipeerConnectivity.framework */,
			);
			name = Frameworks;
			sourceTree = "<group>";
		};
		841A71361B4E3D100015F304 /* Controller */ = {
			isa = PBXGroup;
			children = (
				841A71981B4E4E150015F304 /* MainViewController.h */,
				841A71991B4E4E150015F304 /* MainViewController.m */,
				841A719A1B4E4E150015F304 /* SettingsViewController.h */,
				841A719B1B4E4E150015F304 /* SettingsViewController.m */,
				841A715A1B4E426E0015F304 /* Assets */,
			);
			name = Controller;
			sourceTree = "<group>";
		};
		841A713A1B4E3DBA0015F304 /* Model */ = {
			isa = PBXGroup;
			children = (
				841A718F1B4E4C2E0015F304 /* SessionContainer.h */,
				841A71901B4E4C2E0015F304 /* SessionContainer.m */,
				841A71921B4E4C990015F304 /* Transcript.h */,
				841A71931B4E4C990015F304 /* Transcript.m */,
				841A71951B4E4CF00015F304 /* ProgressObserver.h */,
				841A71961B4E4CF00015F304 /* ProgressObserver.m */,
			);
			name = Model;
			sourceTree = "<group>";
		};
		841A71471B4E3E310015F304 /* View */ = {
			isa = PBXGroup;
			children = (
				841A71861B4E4B220015F304 /* MessageView.h */,
				841A71871B4E4B220015F304 /* MessageView.m */,
				841A71881B4E4B220015F304 /* ImageView.h */,
				841A71891B4E4B220015F304 /* ImageView.m */,
				841A718A1B4E4B220015F304 /* ProgressView.h */,
				841A718B1B4E4B220015F304 /* ProgressView.m */,
			);
			name = View;
			sourceTree = "<group>";
		};
		841A715A1B4E426E0015F304 /* Assets */ = {
			isa = PBXGroup;
			children = (
				841A719E1B4E54FB0015F304 /* Icon-Small-50.png */,
				841A719F1B4E54FB0015F304 /* Icon.png */,
				841A71A01B4E54FB0015F304 /* Icon-Small@2x.png */,
				841A71A11B4E54FB0015F304 /* Icon-Small.png */,
				841A71A21B4E54FB0015F304 /* Icon-72.png */,
				841A71A31B4E54FB0015F304 /* Icon@2x.png */,
				841A71611B4E428F0015F304 /* bubble-left@2x.png */,
				841A71621B4E428F0015F304 /* bubble-right@2x.png */,
				841A71631B4E428F0015F304 /* PhotoButton@2x.png */,
				841A71651B4E428F0015F304 /* Default.png */,
				841A71661B4E428F0015F304 /* Default@2x.png */,
				841A71671B4E428F0015F304 /* Default-568h@2x.png */,
				841A71681B4E428F0015F304 /* Default-Portrait~ipad.png */,
				841A71691B4E428F0015F304 /* Default-Portrait@2x~ipad.png */,
				841A716A1B4E428F0015F304 /* Default-Landscape~ipad.png */,
				841A716B1B4E428F0015F304 /* Default-Landscape@2x~ipad.png */,
			);
			name = Assets;
			sourceTree = "<group>";
		};
/* End PBXGroup section */

/* Begin PBXNativeTarget section */
		841A70FE1B4E3BD20015F304 /* BLEGlobalSignIn */ = {
			isa = PBXNativeTarget;
			buildConfigurationList = 841A71251B4E3BD20015F304 /* Build configuration list for PBXNativeTarget "BLEGlobalSignIn" */;
			buildPhases = (
				841A70FB1B4E3BD20015F304 /* Sources */,
				841A70FC1B4E3BD20015F304 /* Frameworks */,
				841A70FD1B4E3BD20015F304 /* Resources */,
			);
			buildRules = (
			);
			dependencies = (
			);
			name = BLEGlobalSignIn;
			productName = BLEGlobalSignIn;
			productReference = 841A70FF1B4E3BD20015F304 /* BLEGlobalSignIn.app */;
			productType = "com.apple.product-type.application";
		};
		841A711A1B4E3BD20015F304 /* BLEGlobalSignInTests */ = {
			isa = PBXNativeTarget;
			buildConfigurationList = 841A71281B4E3BD20015F304 /* Build configuration list for PBXNativeTarget "BLEGlobalSignInTests" */;
			buildPhases = (
				841A71171B4E3BD20015F304 /* Sources */,
				841A71181B4E3BD20015F304 /* Frameworks */,
				841A71191B4E3BD20015F304 /* Resources */,
			);
			buildRules = (
			);
			dependencies = (
				841A711D1B4E3BD20015F304 /* PBXTargetDependency */,
			);
			name = BLEGlobalSignInTests;
			productName = BLEGlobalSignInTests;
			productReference = 841A711B1B4E3BD20015F304 /* BLEGlobalSignInTests.xctest */;
			productType = "com.apple.product-type.bundle.unit-test";
		};
/* End PBXNativeTarget section */

/* Begin PBXProject section */
		841A70F71B4E3BD20015F304 /* Project object */ = {
			isa = PBXProject;
			attributes = {
				LastUpgradeCheck = 0640;
				ORGANIZATIONNAME = "SMART Cloud Computing";
				TargetAttributes = {
					841A70FE1B4E3BD20015F304 = {
						CreatedOnToolsVersion = 6.4;
						DevelopmentTeam = 9MQD66W69X;
					};
					841A711A1B4E3BD20015F304 = {
						CreatedOnToolsVersion = 6.4;
						TestTargetID = 841A70FE1B4E3BD20015F304;
					};
				};
			};
			buildConfigurationList = 841A70FA1B4E3BD20015F304 /* Build configuration list for PBXProject "BLEGlobalSignIn" */;
			compatibilityVersion = "Xcode 3.2";
			developmentRegion = English;
			hasScannedForEncodings = 0;
			knownRegions = (
				en,
				Base,
			);
			mainGroup = 841A70F61B4E3BD20015F304;
			productRefGroup = 841A71001B4E3BD20015F304 /* Products */;
			projectDirPath = "";
			projectRoot = "";
			targets = (
				841A70FE1B4E3BD20015F304 /* BLEGlobalSignIn */,
				841A711A1B4E3BD20015F304 /* BLEGlobalSignInTests */,
			);
		};
/* End PBXProject section */

/* Begin PBXResourcesBuildPhase section */
		841A70FD1B4E3BD20015F304 /* Resources */ = {
			isa = PBXResourcesBuildPhase;
			buildActionMask = 2147483647;
			files = (
				841A71161B4E3BD20015F304 /* LaunchScreen.xib in Resources */,
				841A71A41B4E54FB0015F304 /* Icon-Small-50.png in Resources */,
				841A71741B4E428F0015F304 /* PhotoButton@2x.png in Resources */,
				841A71721B4E428F0015F304 /* bubble-left@2x.png in Resources */,
				841A71791B4E428F0015F304 /* Default-Portrait~ipad.png in Resources */,
				841A71731B4E428F0015F304 /* bubble-right@2x.png in Resources */,
				841A712C1B4E3C660015F304 /* MainStoryboard_iPhone.storyboard in Resources */,
				841A717B1B4E428F0015F304 /* Default-Landscape~ipad.png in Resources */,
				841A717A1B4E428F0015F304 /* Default-Portrait@2x~ipad.png in Resources */,
				841A71761B4E428F0015F304 /* Default.png in Resources */,
				841A71A71B4E54FB0015F304 /* Icon-Small.png in Resources */,
				841A71A81B4E54FB0015F304 /* Icon-72.png in Resources */,
				841A717C1B4E428F0015F304 /* Default-Landscape@2x~ipad.png in Resources */,
				841A71771B4E428F0015F304 /* Default@2x.png in Resources */,
				841A71A51B4E54FB0015F304 /* Icon.png in Resources */,
				841A71A91B4E54FB0015F304 /* Icon@2x.png in Resources */,
				841A71A61B4E54FB0015F304 /* Icon-Small@2x.png in Resources */,
				841A71781B4E428F0015F304 /* Default-568h@2x.png in Resources */,
				841A71131B4E3BD20015F304 /* Images.xcassets in Resources */,
			);
			runOnlyForDeploymentPostprocessing = 0;
		};
		841A71191B4E3BD20015F304 /* Resources */ = {
			isa = PBXResourcesBuildPhase;
			buildActionMask = 2147483647;
			files = (
			);
			runOnlyForDeploymentPostprocessing = 0;
		};
/* End PBXResourcesBuildPhase section */

/* Begin PBXSourcesBuildPhase section */
		841A70FB1B4E3BD20015F304 /* Sources */ = {
			isa = PBXSourcesBuildPhase;
			buildActionMask = 2147483647;
			files = (
				841A718C1B4E4B220015F304 /* MessageView.m in Sources */,
				841A71971B4E4CF00015F304 /* ProgressObserver.m in Sources */,
				841A71941B4E4C990015F304 /* Transcript.m in Sources */,
				841A719C1B4E4E150015F304 /* MainViewController.m in Sources */,
				841A718E1B4E4B220015F304 /* ProgressView.m in Sources */,
				841A71081B4E3BD20015F304 /* AppDelegate.m in Sources */,
				841A718D1B4E4B220015F304 /* ImageView.m in Sources */,
				841A710B1B4E3BD20015F304 /* BLEGlobalSignIn.xcdatamodeld in Sources */,
				841A719D1B4E4E150015F304 /* SettingsViewController.m in Sources */,
				841A71911B4E4C2E0015F304 /* SessionContainer.m in Sources */,
				841A71051B4E3BD20015F304 /* main.m in Sources */,
			);
			runOnlyForDeploymentPostprocessing = 0;
		};
		841A71171B4E3BD20015F304 /* Sources */ = {
			isa = PBXSourcesBuildPhase;
			buildActionMask = 2147483647;
			files = (
				841A71221B4E3BD20015F304 /* BLEGlobalSignInTests.m in Sources */,
			);
			runOnlyForDeploymentPostprocessing = 0;
		};
/* End PBXSourcesBuildPhase section */

/* Begin PBXTargetDependency section */
		841A711D1B4E3BD20015F304 /* PBXTargetDependency */ = {
			isa = PBXTargetDependency;
			target = 841A70FE1B4E3BD20015F304 /* BLEGlobalSignIn */;
			targetProxy = 841A711C1B4E3BD20015F304 /* PBXContainerItemProxy */;
		};
/* End PBXTargetDependency section */

/* Begin PBXVariantGroup section */
		841A71141B4E3BD20015F304 /* LaunchScreen.xib */ = {
			isa = PBXVariantGroup;
			children = (
				841A71151B4E3BD20015F304 /* Base */,
			);
			name = LaunchScreen.xib;
			sourceTree = "<group>";
		};
/* End PBXVariantGroup section */

/* Begin XCBuildConfiguration section */
		841A71231B4E3BD20015F304 /* Debug */ = {
			isa = XCBuildConfiguration;
			buildSettings = {
				ALWAYS_SEARCH_USER_PATHS = NO;
				CLANG_CXX_LANGUAGE_STANDARD = "gnu++0x";
				CLANG_CXX_LIBRARY = "libc++";
				CLANG_ENABLE_MODULES = YES;
				CLANG_ENABLE_OBJC_ARC = YES;
				CLANG_WARN_BOOL_CONVERSION = YES;
				CLANG_WARN_CONSTANT_CONVERSION = YES;
				CLANG_WARN_DIRECT_OBJC_ISA_USAGE = YES_ERROR;
				CLANG_WARN_EMPTY_BODY = YES;
				CLANG_WARN_ENUM_CONVERSION = YES;
				CLANG_WARN_INT_CONVERSION = YES;
				CLANG_WARN_OBJC_ROOT_CLASS = YES_ERROR;
				CLANG_WARN_UNREACHABLE_CODE = YES;
				CLANG_WARN__DUPLICATE_METHOD_MATCH = YES;
				"CODE_SIGN_IDENTITY[sdk=iphoneos*]" = "iPhone Developer";
				COPY_PHASE_STRIP = NO;
				DEBUG_INFORMATION_FORMAT = "dwarf-with-dsym";
				ENABLE_STRICT_OBJC_MSGSEND = YES;
				GCC_C_LANGUAGE_STANDARD = gnu99;
				GCC_DYNAMIC_NO_PIC = NO;
				GCC_NO_COMMON_BLOCKS = YES;
				GCC_OPTIMIZATION_LEVEL = 0;
				GCC_PREPROCESSOR_DEFINITIONS = (
					"DEBUG=1",
					"$(inherited)",
				);
				GCC_SYMBOLS_PRIVATE_EXTERN = NO;
				GCC_WARN_64_TO_32_BIT_CONVERSION = YES;
				GCC_WARN_ABOUT_RETURN_TYPE = YES_ERROR;
				GCC_WARN_UNDECLARED_SELECTOR = YES;
				GCC_WARN_UNINITIALIZED_AUTOS = YES_AGGRESSIVE;
				GCC_WARN_UNUSED_FUNCTION = YES;
				GCC_WARN_UNUSED_VARIABLE = YES;
				IPHONEOS_DEPLOYMENT_TARGET = 8.4;
				MTL_ENABLE_DEBUG_INFO = YES;
				ONLY_ACTIVE_ARCH = YES;
				SDKROOT = iphoneos;
				TARGETED_DEVICE_FAMILY = "1,2";
			};
			name = Debug;
		};
		841A71241B4E3BD20015F304 /* Release */ = {
			isa = XCBuildConfiguration;
			buildSettings = {
				ALWAYS_SEARCH_USER_PATHS = NO;
				CLANG_CXX_LANGUAGE_STANDARD = "gnu++0x";
				CLANG_CXX_LIBRARY = "libc++";
				CLANG_ENABLE_MODULES = YES;
				CLANG_ENABLE_OBJC_ARC = YES;
				CLANG_WARN_BOOL_CONVERSION = YES;
				CLANG_WARN_CONSTANT_CONVERSION = YES;
				CLANG_WARN_DIRECT_OBJC_ISA_USAGE = YES_ERROR;
				CLANG_WARN_EMPTY_BODY = YES;
				CLANG_WARN_ENUM_CONVERSION = YES;
				CLANG_WARN_INT_CONVERSION = YES;
				CLANG_WARN_OBJC_ROOT_CLASS = YES_ERROR;
				CLANG_WARN_UNREACHABLE_CODE = YES;
				CLANG_WARN__DUPLICATE_METHOD_MATCH = YES;
				"CODE_SIGN_IDENTITY[sdk=iphoneos*]" = "iPhone Developer";
				COPY_PHASE_STRIP = NO;
				DEBUG_INFORMATION_FORMAT = "dwarf-with-dsym";
				ENABLE_NS_ASSERTIONS = NO;
				ENABLE_STRICT_OBJC_MSGSEND = YES;
				GCC_C_LANGUAGE_STANDARD = gnu99;
				GCC_NO_COMMON_BLOCKS = YES;
				GCC_WARN_64_TO_32_BIT_CONVERSION = YES;
				GCC_WARN_ABOUT_RETURN_TYPE = YES_ERROR;
				GCC_WARN_UNDECLARED_SELECTOR = YES;
				GCC_WARN_UNINITIALIZED_AUTOS = YES_AGGRESSIVE;
				GCC_WARN_UNUSED_FUNCTION = YES;
				GCC_WARN_UNUSED_VARIABLE = YES;
				IPHONEOS_DEPLOYMENT_TARGET = 8.4;
				MTL_ENABLE_DEBUG_INFO = NO;
				SDKROOT = iphoneos;
				TARGETED_DEVICE_FAMILY = "1,2";
				VALIDATE_PRODUCT = YES;
			};
			name = Release;
		};
		841A71261B4E3BD20015F304 /* Debug */ = {
			isa = XCBuildConfiguration;
			buildSettings = {
				ASSETCATALOG_COMPILER_APPICON_NAME = AppIcon;
				CODE_SIGN_IDENTITY = "iPhone Developer";
				INFOPLIST_FILE = BLEGlobalSignIn/Info.plist;
				IPHONEOS_DEPLOYMENT_TARGET = 7.0;
				LD_RUNPATH_SEARCH_PATHS = "$(inherited) @executable_path/Frameworks";
				PRODUCT_NAME = "$(TARGET_NAME)";
			};
			name = Debug;
		};
		841A71271B4E3BD20015F304 /* Release */ = {
			isa = XCBuildConfiguration;
			buildSettings = {
				ASSETCATALOG_COMPILER_APPICON_NAME = AppIcon;
				CODE_SIGN_IDENTITY = "iPhone Developer";
				INFOPLIST_FILE = BLEGlobalSignIn/Info.plist;
				IPHONEOS_DEPLOYMENT_TARGET = 7.0;
				LD_RUNPATH_SEARCH_PATHS = "$(inherited) @executable_path/Frameworks";
				PRODUCT_NAME = "$(TARGET_NAME)";
			};
			name = Release;
		};
		841A71291B4E3BD20015F304 /* Debug */ = {
			isa = XCBuildConfiguration;
			buildSettings = {
				BUNDLE_LOADER = "$(TEST_HOST)";
				FRAMEWORK_SEARCH_PATHS = (
					"$(SDKROOT)/Developer/Library/Frameworks",
					"$(inherited)",
				);
				GCC_PREPROCESSOR_DEFINITIONS = (
					"DEBUG=1",
					"$(inherited)",
				);
				INFOPLIST_FILE = BLEGlobalSignInTests/Info.plist;
				LD_RUNPATH_SEARCH_PATHS = "$(inherited) @executable_path/Frameworks @loader_path/Frameworks";
				PRODUCT_NAME = "$(TARGET_NAME)";
				TEST_HOST = "$(BUILT_PRODUCTS_DIR)/BLEGlobalSignIn.app/BLEGlobalSignIn";
			};
			name = Debug;
		};
		841A712A1B4E3BD20015F304 /* Release */ = {
			isa = XCBuildConfiguration;
			buildSettings = {
				BUNDLE_LOADER = "$(TEST_HOST)";
				FRAMEWORK_SEARCH_PATHS = (
					"$(SDKROOT)/Developer/Library/Frameworks",
					"$(inherited)",
				);
				INFOPLIST_FILE = BLEGlobalSignInTests/Info.plist;
				LD_RUNPATH_SEARCH_PATHS = "$(inherited) @executable_path/Frameworks @loader_path/Frameworks";
				PRODUCT_NAME = "$(TARGET_NAME)";
				TEST_HOST = "$(BUILT_PRODUCTS_DIR)/BLEGlobalSignIn.app/BLEGlobalSignIn";
			};
			name = Release;
		};
/* End XCBuildConfiguration section */

/* Begin XCConfigurationList section */
		841A70FA1B4E3BD20015F304 /* Build configuration list for PBXProject "BLEGlobalSignIn" */ = {
			isa = XCConfigurationList;
			buildConfigurations = (
				841A71231B4E3BD20015F304 /* Debug */,
				841A71241B4E3BD20015F304 /* Release */,
			);
			defaultConfigurationIsVisible = 0;
			defaultConfigurationName = Release;
		};
		841A71251B4E3BD20015F304 /* Build configuration list for PBXNativeTarget "BLEGlobalSignIn" */ = {
			isa = XCConfigurationList;
			buildConfigurations = (
				841A71261B4E3BD20015F304 /* Debug */,
				841A71271B4E3BD20015F304 /* Release */,
			);
			defaultConfigurationIsVisible = 0;
		};
		841A71281B4E3BD20015F304 /* Build configuration list for PBXNativeTarget "BLEGlobalSignInTests" */ = {
			isa = XCConfigurationList;
			buildConfigurations = (
				841A71291B4E3BD20015F304 /* Debug */,
				841A712A1B4E3BD20015F304 /* Release */,
			);
			defaultConfigurationIsVisible = 0;
		};
/* End XCConfigurationList section */

/* Begin XCVersionGroup section */
		841A71091B4E3BD20015F304 /* BLEGlobalSignIn.xcdatamodeld */ = {
			isa = XCVersionGroup;
			children = (
				841A710A1B4E3BD20015F304 /* BLEGlobalSignIn.xcdatamodel */,
			);
			currentVersion = 841A710A1B4E3BD20015F304 /* BLEGlobalSignIn.xcdatamodel */;
			path = BLEGlobalSignIn.xcdatamodeld;
			sourceTree = "<group>";
			versionGroupType = wrapper.xcdatamodel;
		};
/* End XCVersionGroup section */
	};
	rootObject = 841A70F71B4E3BD20015F304 /* Project object */;
}
